// !$*UTF8*$!
{
	archiveVersion = 1;
	classes = {
	};
	objectVersion = 46;
	objects = {

/* Begin PBXBuildFile section */
		9BB8D4DC1BC90B9100F11579 /* AppDelegate.swift in Sources */ = {isa = PBXBuildFile; fileRef = 9BB8D4DB1BC90B9100F11579 /* AppDelegate.swift */; };
		9BB8D4DE1BC90B9100F11579 /* ViewController.swift in Sources */ = {isa = PBXBuildFile; fileRef = 9BB8D4DD1BC90B9100F11579 /* ViewController.swift */; };
		9BB8D4E11BC90B9100F11579 /* Main.storyboard in Resources */ = {isa = PBXBuildFile; fileRef = 9BB8D4DF1BC90B9100F11579 /* Main.storyboard */; };
		9BB8D4E31BC90B9100F11579 /* Assets.xcassets in Resources */ = {isa = PBXBuildFile; fileRef = 9BB8D4E21BC90B9100F11579 /* Assets.xcassets */; };
		9BB8D4E61BC90B9100F11579 /* LaunchScreen.storyboard in Resources */ = {isa = PBXBuildFile; fileRef = 9BB8D4E41BC90B9100F11579 /* LaunchScreen.storyboard */; };
		9BB8D4EE1BC90BB300F11579 /* Play.swift in Sources */ = {isa = PBXBuildFile; fileRef = 9BB8D4ED1BC90BB300F11579 /* Play.swift */; settings = {ASSET_TAGS = (); }; };
		9BB8D4F01BC90CF600F11579 /* GeneralUser_GS_SoftSynth.sf2 in Resources */ = {isa = PBXBuildFile; fileRef = 9BB8D4EF1BC90CF600F11579 /* GeneralUser_GS_SoftSynth.sf2 */; settings = {ASSET_TAGS = (); }; };
/* End PBXBuildFile section */

/* Begin PBXFileReference section */
		9BB8D4D81BC90B9100F11579 /* MidiProblemDemo.app */ = {isa = PBXFileReference; explicitFileType = wrapper.application; includeInIndex = 0; path = MidiProblemDemo.app; sourceTree = BUILT_PRODUCTS_DIR; };
		9BB8D4DB1BC90B9100F11579 /* AppDelegate.swift */ = {isa = PBXFileReference; lastKnownFileType = sourcecode.swift; path = AppDelegate.swift; sourceTree = "<group>"; };
		9BB8D4DD1BC90B9100F11579 /* ViewController.swift */ = {isa = PBXFileReference; lastKnownFileType = sourcecode.swift; path = ViewController.swift; sourceTree = "<group>"; };
		9BB8D4E01BC90B9100F11579 /* Base */ = {isa = PBXFileReference; lastKnownFileType = file.storyboard; name = Base; path = Base.lproj/Main.storyboard; sourceTree = "<group>"; };
		9BB8D4E21BC90B9100F11579 /* Assets.xcassets */ = {isa = PBXFileReference; lastKnownFileType = folder.assetcatalog; path = Assets.xcassets; sourceTree = "<group>"; };
		9BB8D4E51BC90B9100F11579 /* Base */ = {isa = PBXFileReference; lastKnownFileType = file.storyboard; name = Base; path = Base.lproj/LaunchScreen.storyboard; sourceTree = "<group>"; };
		9BB8D4E71BC90B9100F11579 /* Info.plist */ = {isa = PBXFileReference; lastKnownFileType = text.plist.xml; path = Info.plist; sourceTree = "<group>"; };
		9BB8D4ED1BC90BB300F11579 /* Play.swift */ = {isa = PBXFileReference; fileEncoding = 4; lastKnownFileType = sourcecode.swift; path = Play.swift; sourceTree = "<group>"; };
		9BB8D4EF1BC90CF600F11579 /* GeneralUser_GS_SoftSynth.sf2 */ = {isa = PBXFileReference; lastKnownFileType = file; path = GeneralUser_GS_SoftSynth.sf2; sourceTree = "<group>"; };
/* End PBXFileReference section */

/* Begin PBXFrameworksBuildPhase section */
		9BB8D4D51BC90B9100F11579 /* Frameworks */ = {
			isa = PBXFrameworksBuildPhase;
			buildActionMask = 2147483647;
			files = (
			);
			runOnlyForDeploymentPostprocessing = 0;
		};
/* End PBXFrameworksBuildPhase section */

/* Begin PBXGroup section */
		9BB8D4CF1BC90B9100F11579 = {
			isa = PBXGroup;
			children = (
				9BB8D4DA1BC90B9100F11579 /* MidiProblemDemo */,
				9BB8D4D91BC90B9100F11579 /* Products */,
			);
			sourceTree = "<group>";
		};
		9BB8D4D91BC90B9100F11579 /* Products */ = {
			isa = PBXGroup;
			children = (
				9BB8D4D81BC90B9100F11579 /* MidiProblemDemo.app */,
			);
			name = Products;
			sourceTree = "<group>";
		};
		9BB8D4DA1BC90B9100F11579 /* MidiProblemDemo */ = {
			isa = PBXGroup;
			children = (
				9BB8D4EF1BC90CF600F11579 /* GeneralUser_GS_SoftSynth.sf2 */,
				9BB8D4ED1BC90BB300F11579 /* Play.swift */,
				9BB8D4DB1BC90B9100F11579 /* AppDelegate.swift */,
				9BB8D4DD1BC90B9100F11579 /* ViewController.swift */,
				9BB8D4DF1BC90B9100F11579 /* Main.storyboard */,
				9BB8D4E21BC90B9100F11579 /* Assets.xcassets */,
				9BB8D4E41BC90B9100F11579 /* LaunchScreen.storyboard */,
				9BB8D4E71BC90B9100F11579 /* Info.plist */,
			);
			path = MidiProblemDemo;
			sourceTree = "<group>";
		};
/* End PBXGroup section */

/* Begin PBXNativeTarget section */
		9BB8D4D71BC90B9100F11579 /* MidiProblemDemo */ = {
			isa = PBXNativeTarget;
			buildConfigurationList = 9BB8D4EA1BC90B9100F11579 /* Build configuration list for PBXNativeTarget "MidiProblemDemo" */;
			buildPhases = (
				9BB8D4D41BC90B9100F11579 /* Sources */,
				9BB8D4D51BC90B9100F11579 /* Frameworks */,
				9BB8D4D61BC90B9100F11579 /* Resources */,
			);
			buildRules = (
			);
			dependencies = (
			);
			name = MidiProblemDemo;
			productName = MidiProblemDemo;
			productReference = 9BB8D4D81BC90B9100F11579 /* MidiProblemDemo.app */;
			productType = "com.apple.product-type.application";
		};
/* End PBXNativeTarget section */

/* Begin PBXProject section */
		9BB8D4D01BC90B9100F11579 /* Project object */ = {
			isa = PBXProject;
			attributes = {
				LastUpgradeCheck = 0700;
				ORGANIZATIONNAME = "Roundwall Software";
				TargetAttributes = {
					9BB8D4D71BC90B9100F11579 = {
						CreatedOnToolsVersion = 7.0.1;
					};
				};
			};
			buildConfigurationList = 9BB8D4D31BC90B9100F11579 /* Build configuration list for PBXProject "MidiProblemDemo" */;
			compatibilityVersion = "Xcode 3.2";
			developmentRegion = English;
			hasScannedForEncodings = 0;
			knownRegions = (
				en,
				Base,
			);
			mainGroup = 9BB8D4CF1BC90B9100F11579;
			productRefGroup = 9BB8D4D91BC90B9100F11579 /* Products */;
			projectDirPath = "";
			projectRoot = "";
			targets = (
				9BB8D4D71BC90B9100F11579 /* MidiProblemDemo */,
			);
		};
/* End PBXProject section */

/* Begin PBXResourcesBuildPhase section */
		9BB8D4D61BC90B9100F11579 /* Resources */ = {
			isa = PBXResourcesBuildPhase;
			buildActionMask = 2147483647;
			files = (
				9BB8D4F01BC90CF600F11579 /* GeneralUser_GS_SoftSynth.sf2 in Resources */,
				9BB8D4E61BC90B9100F11579 /* LaunchScreen.storyboard in Resources */,
				9BB8D4E31BC90B9100F11579 /* Assets.xcassets in Resources */,
				9BB8D4E11BC90B9100F11579 /* Main.storyboard in Resources */,
			);
			runOnlyForDeploymentPostprocessing = 0;
		};
/* End PBXResourcesBuildPhase section */

/* Begin PBXSourcesBuildPhase section */
		9BB8D4D41BC90B9100F11579 /* Sources */ = {
			isa = PBXSourcesBuildPhase;
			buildActionMask = 2147483647;
			files = (
				9BB8D4DE1BC90B9100F11579 /* ViewController.swift in Sources */,
				9BB8D4DC1BC90B9100F11579 /* AppDelegate.swift in Sources */,
				9BB8D4EE1BC90BB300F11579 /* Play.swift in Sources */,
			);
			runOnlyForDeploymentPostprocessing = 0;
		};
/* End PBXSourcesBuildPhase section */

/* Begin PBXVariantGroup section */
		9BB8D4DF1BC90B9100F11579 /* Main.storyboard */ = {
			isa = PBXVariantGroup;
			children = (
				9BB8D4E01BC90B9100F11579 /* Base */,
			);
			name = Main.storyboard;
			sourceTree = "<group>";
		};
		9BB8D4E41BC90B9100F11579 /* LaunchScreen.storyboard */ = {
			isa = PBXVariantGroup;
			children = (
				9BB8D4E51BC90B9100F11579 /* Base */,
			);
			name = LaunchScreen.storyboard;
			sourceTree = "<group>";
		};
/* End PBXVariantGroup section */

/* Begin XCBuildConfiguration section */
		9BB8D4E81BC90B9100F11579 /* Debug */ = {
			isa = XCBuildConfiguration;
			buildSettings = {
				ALWAYS_SEARCH_USER_PATHS = NO;
				CLANG_CXX_LANGUAGE_STANDARD = "gnu++0x";
				CLANG_CXX_LIBRARY = "libc++";
				CLANG_ENABLE_MODULES = YES;
				CLANG_ENABLE_OBJC_ARC = YES;
				CLANG_WARN_BOOL_CONVERSION = YES;
				CLANG_WARN_CONSTANT_CONVERSION = YES;
				CLANG_WARN_DIRECT_OBJC_ISA_USAGE = YES_ERROR;
				CLANG_WARN_EMPTY_BODY = YES;
				CLANG_WARN_ENUM_CONVERSION = YES;
				CLANG_WARN_INT_CONVERSION = YES;
				CLANG_WARN_OBJC_ROOT_CLASS = YES_ERROR;
				CLANG_WARN_UNREACHABLE_CODE = YES;
				CLANG_WARN__DUPLICATE_METHOD_MATCH = YES;
				"CODE_SIGN_IDENTITY[sdk=iphoneos*]" = "iPhone Developer";
				COPY_PHASE_STRIP = NO;
				DEBUG_INFORMATION_FORMAT = dwarf;
				ENABLE_STRICT_OBJC_MSGSEND = YES;
				ENABLE_TESTABILITY = YES;
				GCC_C_LANGUAGE_STANDARD = gnu99;
				GCC_DYNAMIC_NO_PIC = NO;
				GCC_NO_COMMON_BLOCKS = YES;
				GCC_OPTIMIZATION_LEVEL = 0;
				GCC_PREPROCESSOR_DEFINITIONS = (
					"DEBUG=1",
					"$(inherited)",
				);
				GCC_WARN_64_TO_32_BIT_CONVERSION = YES;
				GCC_WARN_ABOUT_RETURN_TYPE = YES_ERROR;
				GCC_WARN_UNDECLARED_SELECTOR = YES;
				GCC_WARN_UNINITIALIZED_AUTOS = YES_AGGRESSIVE;
				GCC_WARN_UNUSED_FUNCTION = YES;
				GCC_WARN_UNUSED_VARIABLE = YES;
				IPHONEOS_DEPLOYMENT_TARGET = 9.0;
				MTL_ENABLE_DEBUG_INFO = YES;
				ONLY_ACTIVE_ARCH = YES;
				SDKROOT = iphoneos;
				SWIFT_OPTIMIZATION_LEVEL = "-Onone";
			};
			name = Debug;
		};
		9BB8D4E91BC90B9100F11579 /* Release */ = {
			isa = XCBuildConfiguration;
			buildSettings = {
				ALWAYS_SEARCH_USER_PATHS = NO;
				CLANG_CXX_LANGUAGE_STANDARD = "gnu++0x";
				CLANG_CXX_LIBRARY = "libc++";
				CLANG_ENABLE_MODULES = YES;
				CLANG_ENABLE_OBJC_ARC = YES;
				CLANG_WARN_BOOL_CONVERSION = YES;
				CLANG_WARN_CONSTANT_CONVERSION = YES;
				CLANG_WARN_DIRECT_OBJC_ISA_USAGE = YES_ERROR;
				CLANG_WARN_EMPTY_BODY = YES;
				CLANG_WARN_ENUM_CONVERSION = YES;
				CLANG_WARN_INT_CONVERSION = YES;
				CLANG_WARN_OBJC_ROOT_CLASS = YES_ERROR;
				CLANG_WARN_UNREACHABLE_CODE = YES;
				CLANG_WARN__DUPLICATE_METHOD_MATCH = YES;
				"CODE_SIGN_IDENTITY[sdk=iphoneos*]" = "iPhone Developer";
				COPY_PHASE_STRIP = NO;
				DEBUG_INFORMATION_FORMAT = "dwarf-with-dsym";
				ENABLE_NS_ASSERTIONS = NO;
				ENABLE_STRICT_OBJC_MSGSEND = YES;
				GCC_C_LANGUAGE_STANDARD = gnu99;
				GCC_NO_COMMON_BLOCKS = YES;
				GCC_WARN_64_TO_32_BIT_CONVERSION = YES;
				GCC_WARN_ABOUT_RETURN_TYPE = YES_ERROR;
				GCC_WARN_UNDECLARED_SELECTOR = YES;
				GCC_WARN_UNINITIALIZED_AUTOS = YES_AGGRESSIVE;
				GCC_WARN_UNUSED_FUNCTION = YES;
				GCC_WARN_UNUSED_VARIABLE = YES;
				IPHONEOS_DEPLOYMENT_TARGET = 9.0;
				MTL_ENABLE_DEBUG_INFO = NO;
				SDKROOT = iphoneos;
				VALIDATE_PRODUCT = YES;
			};
			name = Release;
		};
		9BB8D4EB1BC90B9100F11579 /* Debug */ = {
			isa = XCBuildConfiguration;
			buildSettings = {
				ASSETCATALOG_COMPILER_APPICON_NAME = AppIcon;
				INFOPLIST_FILE = MidiProblemDemo/Info.plist;
				LD_RUNPATH_SEARCH_PATHS = "$(inherited) @executable_path/Frameworks";
				PRODUCT_BUNDLE_IDENTIFIER = com.roundwallsoftware.MidiProblemDemo;
				PRODUCT_NAME = "$(TARGET_NAME)";
			};
			name = Debug;
		};
		9BB8D4EC1BC90B9100F11579 /* Release */ = {
			isa = XCBuildConfiguration;
			buildSettings = {
				ASSETCATALOG_COMPILER_APPICON_NAME = AppIcon;
				INFOPLIST_FILE = MidiProblemDemo/Info.plist;
				LD_RUNPATH_SEARCH_PATHS = "$(inherited) @executable_path/Frameworks";
				PRODUCT_BUNDLE_IDENTIFIER = com.roundwallsoftware.MidiProblemDemo;
				PRODUCT_NAME = "$(TARGET_NAME)";
			};
			name = Release;
		};
/* End XCBuildConfiguration section */

/* Begin XCConfigurationList section */
		9BB8D4D31BC90B9100F11579 /* Build configuration list for PBXProject "MidiProblemDemo" */ = {
			isa = XCConfigurationList;
			buildConfigurations = (
				9BB8D4E81BC90B9100F11579 /* Debug */,
				9BB8D4E91BC90B9100F11579 /* Release */,
			);
			defaultConfigurationIsVisible = 0;
			defaultConfigurationName = Release;
		};
		9BB8D4EA1BC90B9100F11579 /* Build configuration list for PBXNativeTarget "MidiProblemDemo" */ = {
			isa = XCConfigurationList;
			buildConfigurations = (
				9BB8D4EB1BC90B9100F11579 /* Debug */,
				9BB8D4EC1BC90B9100F11579 /* Release */,
			);
			defaultConfigurationIsVisible = 0;
		};
/* End XCConfigurationList section */
	};
	rootObject = 9BB8D4D01BC90B9100F11579 /* Project object */;
}
